
Microsoft Visual Studio Solution File, Format Version 12.00
# Visual Studio Version 17
VisualStudioVersion = 17.0.31717.71
MinimumVisualStudioVersion = 10.0.40219.1
Project("{FAE04EC0-301F-11D3-BF4B-00C04F79EFBC}") = "PamposTools.ThreadJiggler.Jiggler", "PamposTools.ThreadJiggler.Jiggler\PamposTools.ThreadJiggler.Jiggler.csproj", "{5DCDE51C-473F-4E64-BAC4-AE527D1AA59B}"
EndProject
Global
	GlobalSection(SolutionConfigurationPlatforms) = preSolution
		Debug|Any CPU = Debug|Any CPU
		Release|Any CPU = Release|Any CPU
	EndGlobalSection
	GlobalSection(ProjectConfigurationPlatforms) = postSolution
		{5DCDE51C-473F-4E64-BAC4-AE527D1AA59B}.Debug|Any CPU.ActiveCfg = Debug|Any CPU
		{5DCDE51C-473F-4E64-BAC4-AE527D1AA59B}.Debug|Any CPU.Build.0 = Debug|Any CPU
		{5DCDE51C-473F-4E64-BAC4-AE527D1AA59B}.Release|Any CPU.ActiveCfg = Release|Any CPU
		{5DCDE51C-473F-4E64-BAC4-AE527D1AA59B}.Release|Any CPU.Build.0 = Release|Any CPU
	EndGlobalSection
	GlobalSection(SolutionProperties) = preSolution
		HideSolutionNode = FALSE
	EndGlobalSection
	GlobalSection(ExtensibilityGlobals) = postSolution
		SolutionGuid = {8E9103AB-A9A5-4957-94E4-791E67636FFF}
	EndGlobalSection
EndGlobal
